// !$*UTF8*$!
{
	archiveVersion = 1;
	classes = {
	};
	objectVersion = 56;
	objects = {

/* Begin PBXBuildFile section */
		5D42BC9F2C52A2AA00FD7A9C /* ViewModel.swift in Sources */ = {isa = PBXBuildFile; fileRef = 5D42BC9E2C52A2AA00FD7A9C /* ViewModel.swift */; };
		5D42BCA12C52BE3F00FD7A9C /* LoggedView.swift in Sources */ = {isa = PBXBuildFile; fileRef = 5D42BCA02C52BE3F00FD7A9C /* LoggedView.swift */; };
		5D530E802C51719300DC804E /* LoginApp.swift in Sources */ = {isa = PBXBuildFile; fileRef = 5D530E7F2C51719300DC804E /* LoginApp.swift */; };
		5D530E842C51719800DC804E /* Assets.xcassets in Resources */ = {isa = PBXBuildFile; fileRef = 5D530E832C51719800DC804E /* Assets.xcassets */; };
		5D530E872C51719800DC804E /* Preview Assets.xcassets in Resources */ = {isa = PBXBuildFile; fileRef = 5D530E862C51719800DC804E /* Preview Assets.xcassets */; };
		5D530E912C51719900DC804E /* LoginTests.swift in Sources */ = {isa = PBXBuildFile; fileRef = 5D530E902C51719900DC804E /* LoginTests.swift */; };
		5D530E9B2C51719900DC804E /* LoginUITests.swift in Sources */ = {isa = PBXBuildFile; fileRef = 5D530E9A2C51719900DC804E /* LoginUITests.swift */; };
		5D530E9D2C51719900DC804E /* LoginUITestsLaunchTests.swift in Sources */ = {isa = PBXBuildFile; fileRef = 5D530E9C2C51719900DC804E /* LoginUITestsLaunchTests.swift */; };
		5D530EAA2C5175F500DC804E /* Validations.swift in Sources */ = {isa = PBXBuildFile; fileRef = 5D530EA92C5175F400DC804E /* Validations.swift */; };
		5D530EB32C51760600DC804E /* EmailTextField.swift in Sources */ = {isa = PBXBuildFile; fileRef = 5D530EAB2C51760500DC804E /* EmailTextField.swift */; };
		5D530EB42C51760600DC804E /* PasswordTextField.swift in Sources */ = {isa = PBXBuildFile; fileRef = 5D530EAC2C51760500DC804E /* PasswordTextField.swift */; };
		5D530EB52C51760600DC804E /* AppService.swift in Sources */ = {isa = PBXBuildFile; fileRef = 5D530EAE2C51760500DC804E /* AppService.swift */; };
		5D530EB62C51760600DC804E /* loginView.swift in Sources */ = {isa = PBXBuildFile; fileRef = 5D530EAF2C51760500DC804E /* loginView.swift */; };
		5D530EB72C51760600DC804E /* RegistrationView.swift in Sources */ = {isa = PBXBuildFile; fileRef = 5D530EB02C51760500DC804E /* RegistrationView.swift */; };
		5D530EB82C51760600DC804E /* WelcomeView.swift in Sources */ = {isa = PBXBuildFile; fileRef = 5D530EB12C51760500DC804E /* WelcomeView.swift */; };
/* End PBXBuildFile section */

/* Begin PBXContainerItemProxy section */
		5D530E8D2C51719900DC804E /* PBXContainerItemProxy */ = {
			isa = PBXContainerItemProxy;
			containerPortal = 5D530E742C51719300DC804E /* Project object */;
			proxyType = 1;
			remoteGlobalIDString = 5D530E7B2C51719300DC804E;
			remoteInfo = Login;
		};
		5D530E972C51719900DC804E /* PBXContainerItemProxy */ = {
			isa = PBXContainerItemProxy;
			containerPortal = 5D530E742C51719300DC804E /* Project object */;
			proxyType = 1;
			remoteGlobalIDString = 5D530E7B2C51719300DC804E;
			remoteInfo = Login;
		};
/* End PBXContainerItemProxy section */

/* Begin PBXFileReference section */
		5D42BC9E2C52A2AA00FD7A9C /* ViewModel.swift */ = {isa = PBXFileReference; lastKnownFileType = sourcecode.swift; path = ViewModel.swift; sourceTree = "<group>"; };
		5D42BCA02C52BE3F00FD7A9C /* LoggedView.swift */ = {isa = PBXFileReference; lastKnownFileType = sourcecode.swift; path = LoggedView.swift; sourceTree = "<group>"; };
		5D530E7C2C51719300DC804E /* Login.app */ = {isa = PBXFileReference; explicitFileType = wrapper.application; includeInIndex = 0; path = Login.app; sourceTree = BUILT_PRODUCTS_DIR; };
		5D530E7F2C51719300DC804E /* LoginApp.swift */ = {isa = PBXFileReference; lastKnownFileType = sourcecode.swift; path = LoginApp.swift; sourceTree = "<group>"; };
		5D530E832C51719800DC804E /* Assets.xcassets */ = {isa = PBXFileReference; lastKnownFileType = folder.assetcatalog; path = Assets.xcassets; sourceTree = "<group>"; };
		5D530E862C51719800DC804E /* Preview Assets.xcassets */ = {isa = PBXFileReference; lastKnownFileType = folder.assetcatalog; path = "Preview Assets.xcassets"; sourceTree = "<group>"; };
		5D530E8C2C51719900DC804E /* LoginTests.xctest */ = {isa = PBXFileReference; explicitFileType = wrapper.cfbundle; includeInIndex = 0; path = LoginTests.xctest; sourceTree = BUILT_PRODUCTS_DIR; };
		5D530E902C51719900DC804E /* LoginTests.swift */ = {isa = PBXFileReference; lastKnownFileType = sourcecode.swift; path = LoginTests.swift; sourceTree = "<group>"; };
		5D530E962C51719900DC804E /* LoginUITests.xctest */ = {isa = PBXFileReference; explicitFileType = wrapper.cfbundle; includeInIndex = 0; path = LoginUITests.xctest; sourceTree = BUILT_PRODUCTS_DIR; };
		5D530E9A2C51719900DC804E /* LoginUITests.swift */ = {isa = PBXFileReference; lastKnownFileType = sourcecode.swift; path = LoginUITests.swift; sourceTree = "<group>"; };
		5D530E9C2C51719900DC804E /* LoginUITestsLaunchTests.swift */ = {isa = PBXFileReference; lastKnownFileType = sourcecode.swift; path = LoginUITestsLaunchTests.swift; sourceTree = "<group>"; };
		5D530EA92C5175F400DC804E /* Validations.swift */ = {isa = PBXFileReference; fileEncoding = 4; lastKnownFileType = sourcecode.swift; path = Validations.swift; sourceTree = "<group>"; };
		5D530EAB2C51760500DC804E /* EmailTextField.swift */ = {isa = PBXFileReference; fileEncoding = 4; lastKnownFileType = sourcecode.swift; path = EmailTextField.swift; sourceTree = "<group>"; };
		5D530EAC2C51760500DC804E /* PasswordTextField.swift */ = {isa = PBXFileReference; fileEncoding = 4; lastKnownFileType = sourcecode.swift; path = PasswordTextField.swift; sourceTree = "<group>"; };
		5D530EAE2C51760500DC804E /* AppService.swift */ = {isa = PBXFileReference; fileEncoding = 4; lastKnownFileType = sourcecode.swift; name = AppService.swift; path = View/AppService.swift; sourceTree = "<group>"; };
		5D530EAF2C51760500DC804E /* loginView.swift */ = {isa = PBXFileReference; fileEncoding = 4; lastKnownFileType = sourcecode.swift; path = loginView.swift; sourceTree = "<group>"; };
		5D530EB02C51760500DC804E /* RegistrationView.swift */ = {isa = PBXFileReference; fileEncoding = 4; lastKnownFileType = sourcecode.swift; path = RegistrationView.swift; sourceTree = "<group>"; };
		5D530EB12C51760500DC804E /* WelcomeView.swift */ = {isa = PBXFileReference; fileEncoding = 4; lastKnownFileType = sourcecode.swift; path = WelcomeView.swift; sourceTree = "<group>"; };
/* End PBXFileReference section */

/* Begin PBXFrameworksBuildPhase section */
		5D530E792C51719300DC804E /* Frameworks */ = {
			isa = PBXFrameworksBuildPhase;
			buildActionMask = 2147483647;
			files = (
			);
			runOnlyForDeploymentPostprocessing = 0;
		};
		5D530E892C51719900DC804E /* Frameworks */ = {
			isa = PBXFrameworksBuildPhase;
			buildActionMask = 2147483647;
			files = (
			);
			runOnlyForDeploymentPostprocessing = 0;
		};
		5D530E932C51719900DC804E /* Frameworks */ = {
			isa = PBXFrameworksBuildPhase;
			buildActionMask = 2147483647;
			files = (
			);
			runOnlyForDeploymentPostprocessing = 0;
		};
/* End PBXFrameworksBuildPhase section */

/* Begin PBXGroup section */
		5D530E732C51719300DC804E = {
			isa = PBXGroup;
			children = (
				5D530E7E2C51719300DC804E /* Login */,
				5D530E8F2C51719900DC804E /* LoginTests */,
				5D530E992C51719900DC804E /* LoginUITests */,
				5D530E7D2C51719300DC804E /* Products */,
			);
			sourceTree = "<group>";
		};
		5D530E7D2C51719300DC804E /* Products */ = {
			isa = PBXGroup;
			children = (
				5D530E7C2C51719300DC804E /* Login.app */,
				5D530E8C2C51719900DC804E /* LoginTests.xctest */,
				5D530E962C51719900DC804E /* LoginUITests.xctest */,
			);
			name = Products;
			sourceTree = "<group>";
		};
		5D530E7E2C51719300DC804E /* Login */ = {
			isa = PBXGroup;
			children = (
				5D530EAE2C51760500DC804E /* AppService.swift */,
				5D42BC9E2C52A2AA00FD7A9C /* ViewModel.swift */,
				5D530EB22C51760500DC804E /* View */,
				5D530E7F2C51719300DC804E /* LoginApp.swift */,
				5D530EA92C5175F400DC804E /* Validations.swift */,
				5D530E832C51719800DC804E /* Assets.xcassets */,
				5D530E852C51719800DC804E /* Preview Content */,
			);
			path = Login;
			sourceTree = "<group>";
		};
		5D530E852C51719800DC804E /* Preview Content */ = {
			isa = PBXGroup;
			children = (
				5D530E862C51719800DC804E /* Preview Assets.xcassets */,
			);
			path = "Preview Content";
			sourceTree = "<group>";
		};
		5D530E8F2C51719900DC804E /* LoginTests */ = {
			isa = PBXGroup;
			children = (
				5D530E902C51719900DC804E /* LoginTests.swift */,
			);
			path = LoginTests;
			sourceTree = "<group>";
		};
		5D530E992C51719900DC804E /* LoginUITests */ = {
			isa = PBXGroup;
			children = (
				5D530E9A2C51719900DC804E /* LoginUITests.swift */,
				5D530E9C2C51719900DC804E /* LoginUITestsLaunchTests.swift */,
			);
			path = LoginUITests;
			sourceTree = "<group>";
		};
		5D530EAD2C51760500DC804E /* Login-Fields */ = {
			isa = PBXGroup;
			children = (
				5D530EAB2C51760500DC804E /* EmailTextField.swift */,
				5D530EAC2C51760500DC804E /* PasswordTextField.swift */,
			);
			path = "Login-Fields";
			sourceTree = "<group>";
		};
		5D530EB22C51760500DC804E /* View */ = {
			isa = PBXGroup;
			children = (
				5D530EAD2C51760500DC804E /* Login-Fields */,
				5D530EB12C51760500DC804E /* WelcomeView.swift */,
				5D530EAF2C51760500DC804E /* loginView.swift */,
				5D530EB02C51760500DC804E /* RegistrationView.swift */,
				5D42BCA02C52BE3F00FD7A9C /* LoggedView.swift */,
			);
			path = View;
			sourceTree = "<group>";
		};
/* End PBXGroup section */

/* Begin PBXNativeTarget section */
		5D530E7B2C51719300DC804E /* Login */ = {
			isa = PBXNativeTarget;
			buildConfigurationList = 5D530EA02C51719900DC804E /* Build configuration list for PBXNativeTarget "Login" */;
			buildPhases = (
				5D530E782C51719300DC804E /* Sources */,
				5D530E792C51719300DC804E /* Frameworks */,
				5D530E7A2C51719300DC804E /* Resources */,
			);
			buildRules = (
			);
			dependencies = (
			);
			name = Login;
			productName = Login;
			productReference = 5D530E7C2C51719300DC804E /* Login.app */;
			productType = "com.apple.product-type.application";
		};
		5D530E8B2C51719900DC804E /* LoginTests */ = {
			isa = PBXNativeTarget;
			buildConfigurationList = 5D530EA32C51719900DC804E /* Build configuration list for PBXNativeTarget "LoginTests" */;
			buildPhases = (
				5D530E882C51719900DC804E /* Sources */,
				5D530E892C51719900DC804E /* Frameworks */,
				5D530E8A2C51719900DC804E /* Resources */,
			);
			buildRules = (
			);
			dependencies = (
				5D530E8E2C51719900DC804E /* PBXTargetDependency */,
			);
			name = LoginTests;
			productName = LoginTests;
			productReference = 5D530E8C2C51719900DC804E /* LoginTests.xctest */;
			productType = "com.apple.product-type.bundle.unit-test";
		};
		5D530E952C51719900DC804E /* LoginUITests */ = {
			isa = PBXNativeTarget;
			buildConfigurationList = 5D530EA62C51719900DC804E /* Build configuration list for PBXNativeTarget "LoginUITests" */;
			buildPhases = (
				5D530E922C51719900DC804E /* Sources */,
				5D530E932C51719900DC804E /* Frameworks */,
				5D530E942C51719900DC804E /* Resources */,
			);
			buildRules = (
			);
			dependencies = (
				5D530E982C51719900DC804E /* PBXTargetDependency */,
			);
			name = LoginUITests;
			productName = LoginUITests;
			productReference = 5D530E962C51719900DC804E /* LoginUITests.xctest */;
			productType = "com.apple.product-type.bundle.ui-testing";
		};
/* End PBXNativeTarget section */

/* Begin PBXProject section */
		5D530E742C51719300DC804E /* Project object */ = {
			isa = PBXProject;
			attributes = {
				BuildIndependentTargetsInParallel = 1;
				LastSwiftUpdateCheck = 1540;
				LastUpgradeCheck = 1540;
				TargetAttributes = {
					5D530E7B2C51719300DC804E = {
						CreatedOnToolsVersion = 15.4;
					};
					5D530E8B2C51719900DC804E = {
						CreatedOnToolsVersion = 15.4;
						TestTargetID = 5D530E7B2C51719300DC804E;
					};
					5D530E952C51719900DC804E = {
						CreatedOnToolsVersion = 15.4;
						TestTargetID = 5D530E7B2C51719300DC804E;
					};
				};
			};
			buildConfigurationList = 5D530E772C51719300DC804E /* Build configuration list for PBXProject "Login" */;
			compatibilityVersion = "Xcode 14.0";
			developmentRegion = en;
			hasScannedForEncodings = 0;
			knownRegions = (
				en,
				Base,
			);
			mainGroup = 5D530E732C51719300DC804E;
			productRefGroup = 5D530E7D2C51719300DC804E /* Products */;
			projectDirPath = "";
			projectRoot = "";
			targets = (
				5D530E7B2C51719300DC804E /* Login */,
				5D530E8B2C51719900DC804E /* LoginTests */,
				5D530E952C51719900DC804E /* LoginUITests */,
			);
		};
/* End PBXProject section */

/* Begin PBXResourcesBuildPhase section */
		5D530E7A2C51719300DC804E /* Resources */ = {
			isa = PBXResourcesBuildPhase;
			buildActionMask = 2147483647;
			files = (
				5D530E872C51719800DC804E /* Preview Assets.xcassets in Resources */,
				5D530E842C51719800DC804E /* Assets.xcassets in Resources */,
			);
			runOnlyForDeploymentPostprocessing = 0;
		};
		5D530E8A2C51719900DC804E /* Resources */ = {
			isa = PBXResourcesBuildPhase;
			buildActionMask = 2147483647;
			files = (
			);
			runOnlyForDeploymentPostprocessing = 0;
		};
		5D530E942C51719900DC804E /* Resources */ = {
			isa = PBXResourcesBuildPhase;
			buildActionMask = 2147483647;
			files = (
			);
			runOnlyForDeploymentPostprocessing = 0;
		};
/* End PBXResourcesBuildPhase section */

/* Begin PBXSourcesBuildPhase section */
		5D530E782C51719300DC804E /* Sources */ = {
			isa = PBXSourcesBuildPhase;
			buildActionMask = 2147483647;
			files = (
				5D42BCA12C52BE3F00FD7A9C /* LoggedView.swift in Sources */,
				5D530EB42C51760600DC804E /* PasswordTextField.swift in Sources */,
				5D42BC9F2C52A2AA00FD7A9C /* ViewModel.swift in Sources */,
				5D530EB52C51760600DC804E /* AppService.swift in Sources */,
				5D530EB62C51760600DC804E /* loginView.swift in Sources */,
				5D530EB32C51760600DC804E /* EmailTextField.swift in Sources */,
				5D530EB82C51760600DC804E /* WelcomeView.swift in Sources */,
				5D530EAA2C5175F500DC804E /* Validations.swift in Sources */,
				5D530E802C51719300DC804E /* LoginApp.swift in Sources */,
				5D530EB72C51760600DC804E /* RegistrationView.swift in Sources */,
			);
			runOnlyForDeploymentPostprocessing = 0;
		};
		5D530E882C51719900DC804E /* Sources */ = {
			isa = PBXSourcesBuildPhase;
			buildActionMask = 2147483647;
			files = (
				5D530E912C51719900DC804E /* LoginTests.swift in Sources */,
			);
			runOnlyForDeploymentPostprocessing = 0;
		};
		5D530E922C51719900DC804E /* Sources */ = {
			isa = PBXSourcesBuildPhase;
			buildActionMask = 2147483647;
			files = (
				5D530E9D2C51719900DC804E /* LoginUITestsLaunchTests.swift in Sources */,
				5D530E9B2C51719900DC804E /* LoginUITests.swift in Sources */,
			);
			runOnlyForDeploymentPostprocessing = 0;
		};
/* End PBXSourcesBuildPhase section */

/* Begin PBXTargetDependency section */
		5D530E8E2C51719900DC804E /* PBXTargetDependency */ = {
			isa = PBXTargetDependency;
			target = 5D530E7B2C51719300DC804E /* Login */;
			targetProxy = 5D530E8D2C51719900DC804E /* PBXContainerItemProxy */;
		};
		5D530E982C51719900DC804E /* PBXTargetDependency */ = {
			isa = PBXTargetDependency;
			target = 5D530E7B2C51719300DC804E /* Login */;
			targetProxy = 5D530E972C51719900DC804E /* PBXContainerItemProxy */;
		};
/* End PBXTargetDependency section */

/* Begin XCBuildConfiguration section */
		5D530E9E2C51719900DC804E /* Debug */ = {
			isa = XCBuildConfiguration;
			buildSettings = {
				ALWAYS_SEARCH_USER_PATHS = NO;
				ASSETCATALOG_COMPILER_GENERATE_SWIFT_ASSET_SYMBOL_EXTENSIONS = YES;
				CLANG_ANALYZER_NONNULL = YES;
				CLANG_ANALYZER_NUMBER_OBJECT_CONVERSION = YES_AGGRESSIVE;
				CLANG_CXX_LANGUAGE_STANDARD = "gnu++20";
				CLANG_ENABLE_MODULES = YES;
				CLANG_ENABLE_OBJC_ARC = YES;
				CLANG_ENABLE_OBJC_WEAK = YES;
				CLANG_WARN_BLOCK_CAPTURE_AUTORELEASING = YES;
				CLANG_WARN_BOOL_CONVERSION = YES;
				CLANG_WARN_COMMA = YES;
				CLANG_WARN_CONSTANT_CONVERSION = YES;
				CLANG_WARN_DEPRECATED_OBJC_IMPLEMENTATIONS = YES;
				CLANG_WARN_DIRECT_OBJC_ISA_USAGE = YES_ERROR;
				CLANG_WARN_DOCUMENTATION_COMMENTS = YES;
				CLANG_WARN_EMPTY_BODY = YES;
				CLANG_WARN_ENUM_CONVERSION = YES;
				CLANG_WARN_INFINITE_RECURSION = YES;
				CLANG_WARN_INT_CONVERSION = YES;
				CLANG_WARN_NON_LITERAL_NULL_CONVERSION = YES;
				CLANG_WARN_OBJC_IMPLICIT_RETAIN_SELF = YES;
				CLANG_WARN_OBJC_LITERAL_CONVERSION = YES;
				CLANG_WARN_OBJC_ROOT_CLASS = YES_ERROR;
				CLANG_WARN_QUOTED_INCLUDE_IN_FRAMEWORK_HEADER = YES;
				CLANG_WARN_RANGE_LOOP_ANALYSIS = YES;
				CLANG_WARN_STRICT_PROTOTYPES = YES;
				CLANG_WARN_SUSPICIOUS_MOVE = YES;
				CLANG_WARN_UNGUARDED_AVAILABILITY = YES_AGGRESSIVE;
				CLANG_WARN_UNREACHABLE_CODE = YES;
				CLANG_WARN__DUPLICATE_METHOD_MATCH = YES;
				COPY_PHASE_STRIP = NO;
				DEBUG_INFORMATION_FORMAT = dwarf;
				ENABLE_STRICT_OBJC_MSGSEND = YES;
				ENABLE_TESTABILITY = YES;
				ENABLE_USER_SCRIPT_SANDBOXING = YES;
				GCC_C_LANGUAGE_STANDARD = gnu17;
				GCC_DYNAMIC_NO_PIC = NO;
				GCC_NO_COMMON_BLOCKS = YES;
				GCC_OPTIMIZATION_LEVEL = 0;
				GCC_PREPROCESSOR_DEFINITIONS = (
					"DEBUG=1",
					"$(inherited)",
				);
				GCC_WARN_64_TO_32_BIT_CONVERSION = YES;
				GCC_WARN_ABOUT_RETURN_TYPE = YES_ERROR;
				GCC_WARN_UNDECLARED_SELECTOR = YES;
				GCC_WARN_UNINITIALIZED_AUTOS = YES_AGGRESSIVE;
				GCC_WARN_UNUSED_FUNCTION = YES;
				GCC_WARN_UNUSED_VARIABLE = YES;
				IPHONEOS_DEPLOYMENT_TARGET = 17.5;
				LOCALIZATION_PREFERS_STRING_CATALOGS = YES;
				MTL_ENABLE_DEBUG_INFO = INCLUDE_SOURCE;
				MTL_FAST_MATH = YES;
				ONLY_ACTIVE_ARCH = YES;
				SDKROOT = iphoneos;
				SWIFT_ACTIVE_COMPILATION_CONDITIONS = "DEBUG $(inherited)";
				SWIFT_OPTIMIZATION_LEVEL = "-Onone";
			};
			name = Debug;
		};
		5D530E9F2C51719900DC804E /* Release */ = {
			isa = XCBuildConfiguration;
			buildSettings = {
				ALWAYS_SEARCH_USER_PATHS = NO;
				ASSETCATALOG_COMPILER_GENERATE_SWIFT_ASSET_SYMBOL_EXTENSIONS = YES;
				CLANG_ANALYZER_NONNULL = YES;
				CLANG_ANALYZER_NUMBER_OBJECT_CONVERSION = YES_AGGRESSIVE;
				CLANG_CXX_LANGUAGE_STANDARD = "gnu++20";
				CLANG_ENABLE_MODULES = YES;
				CLANG_ENABLE_OBJC_ARC = YES;
				CLANG_ENABLE_OBJC_WEAK = YES;
				CLANG_WARN_BLOCK_CAPTURE_AUTORELEASING = YES;
				CLANG_WARN_BOOL_CONVERSION = YES;
				CLANG_WARN_COMMA = YES;
				CLANG_WARN_CONSTANT_CONVERSION = YES;
				CLANG_WARN_DEPRECATED_OBJC_IMPLEMENTATIONS = YES;
				CLANG_WARN_DIRECT_OBJC_ISA_USAGE = YES_ERROR;
				CLANG_WARN_DOCUMENTATION_COMMENTS = YES;
				CLANG_WARN_EMPTY_BODY = YES;
				CLANG_WARN_ENUM_CONVERSION = YES;
				CLANG_WARN_INFINITE_RECURSION = YES;
				CLANG_WARN_INT_CONVERSION = YES;
				CLANG_WARN_NON_LITERAL_NULL_CONVERSION = YES;
				CLANG_WARN_OBJC_IMPLICIT_RETAIN_SELF = YES;
				CLANG_WARN_OBJC_LITERAL_CONVERSION = YES;
				CLANG_WARN_OBJC_ROOT_CLASS = YES_ERROR;
				CLANG_WARN_QUOTED_INCLUDE_IN_FRAMEWORK_HEADER = YES;
				CLANG_WARN_RANGE_LOOP_ANALYSIS = YES;
				CLANG_WARN_STRICT_PROTOTYPES = YES;
				CLANG_WARN_SUSPICIOUS_MOVE = YES;
				CLANG_WARN_UNGUARDED_AVAILABILITY = YES_AGGRESSIVE;
				CLANG_WARN_UNREACHABLE_CODE = YES;
				CLANG_WARN__DUPLICATE_METHOD_MATCH = YES;
				COPY_PHASE_STRIP = NO;
				DEBUG_INFORMATION_FORMAT = "dwarf-with-dsym";
				ENABLE_NS_ASSERTIONS = NO;
				ENABLE_STRICT_OBJC_MSGSEND = YES;
				ENABLE_USER_SCRIPT_SANDBOXING = YES;
				GCC_C_LANGUAGE_STANDARD = gnu17;
				GCC_NO_COMMON_BLOCKS = YES;
				GCC_WARN_64_TO_32_BIT_CONVERSION = YES;
				GCC_WARN_ABOUT_RETURN_TYPE = YES_ERROR;
				GCC_WARN_UNDECLARED_SELECTOR = YES;
				GCC_WARN_UNINITIALIZED_AUTOS = YES_AGGRESSIVE;
				GCC_WARN_UNUSED_FUNCTION = YES;
				GCC_WARN_UNUSED_VARIABLE = YES;
				IPHONEOS_DEPLOYMENT_TARGET = 17.5;
				LOCALIZATION_PREFERS_STRING_CATALOGS = YES;
				MTL_ENABLE_DEBUG_INFO = NO;
				MTL_FAST_MATH = YES;
				SDKROOT = iphoneos;
				SWIFT_COMPILATION_MODE = wholemodule;
				VALIDATE_PRODUCT = YES;
			};
			name = Release;
		};
		5D530EA12C51719900DC804E /* Debug */ = {
			isa = XCBuildConfiguration;
			buildSettings = {
				ASSETCATALOG_COMPILER_APPICON_NAME = AppIcon;
				ASSETCATALOG_COMPILER_GLOBAL_ACCENT_COLOR_NAME = AccentColor;
				CODE_SIGN_STYLE = Automatic;
				CURRENT_PROJECT_VERSION = 1;
				DEVELOPMENT_ASSET_PATHS = "\"Login/Preview Content\"";
				DEVELOPMENT_TEAM = KMJH7PLV2W;
				ENABLE_PREVIEWS = YES;
				GENERATE_INFOPLIST_FILE = YES;
				INFOPLIST_KEY_UIApplicationSceneManifest_Generation = YES;
				INFOPLIST_KEY_UIApplicationSupportsIndirectInputEvents = YES;
				INFOPLIST_KEY_UILaunchScreen_Generation = YES;
				INFOPLIST_KEY_UISupportedInterfaceOrientations_iPad = "UIInterfaceOrientationPortrait UIInterfaceOrientationPortraitUpsideDown UIInterfaceOrientationLandscapeLeft UIInterfaceOrientationLandscapeRight";
				INFOPLIST_KEY_UISupportedInterfaceOrientations_iPhone = "UIInterfaceOrientationPortrait UIInterfaceOrientationLandscapeLeft UIInterfaceOrientationLandscapeRight";
				LD_RUNPATH_SEARCH_PATHS = (
					"$(inherited)",
					"@executable_path/Frameworks",
				);
				MARKETING_VERSION = 1.0;
				PRODUCT_BUNDLE_IDENTIFIER = by.Login;
				PRODUCT_NAME = "$(TARGET_NAME)";
				SWIFT_EMIT_LOC_STRINGS = YES;
				SWIFT_VERSION = 5.0;
				TARGETED_DEVICE_FAMILY = "1,2";
			};
			name = Debug;
		};
		5D530EA22C51719900DC804E /* Release */ = {
			isa = XCBuildConfiguration;
			buildSettings = {
				ASSETCATALOG_COMPILER_APPICON_NAME = AppIcon;
				ASSETCATALOG_COMPILER_GLOBAL_ACCENT_COLOR_NAME = AccentColor;
				CODE_SIGN_STYLE = Automatic;
				CURRENT_PROJECT_VERSION = 1;
				DEVELOPMENT_ASSET_PATHS = "\"Login/Preview Content\"";
				DEVELOPMENT_TEAM = KMJH7PLV2W;
				ENABLE_PREVIEWS = YES;
				GENERATE_INFOPLIST_FILE = YES;
				INFOPLIST_KEY_UIApplicationSceneManifest_Generation = YES;
				INFOPLIST_KEY_UIApplicationSupportsIndirectInputEvents = YES;
				INFOPLIST_KEY_UILaunchScreen_Generation = YES;
				INFOPLIST_KEY_UISupportedInterfaceOrientations_iPad = "UIInterfaceOrientationPortrait UIInterfaceOrientationPortraitUpsideDown UIInterfaceOrientationLandscapeLeft UIInterfaceOrientationLandscapeRight";
				INFOPLIST_KEY_UISupportedInterfaceOrientations_iPhone = "UIInterfaceOrientationPortrait UIInterfaceOrientationLandscapeLeft UIInterfaceOrientationLandscapeRight";
				LD_RUNPATH_SEARCH_PATHS = (
					"$(inherited)",
					"@executable_path/Frameworks",
				);
				MARKETING_VERSION = 1.0;
				PRODUCT_BUNDLE_IDENTIFIER = by.Login;
				PRODUCT_NAME = "$(TARGET_NAME)";
				SWIFT_EMIT_LOC_STRINGS = YES;
				SWIFT_VERSION = 5.0;
				TARGETED_DEVICE_FAMILY = "1,2";
			};
			name = Release;
		};
		5D530EA42C51719900DC804E /* Debug */ = {
			isa = XCBuildConfiguration;
			buildSettings = {
				ALWAYS_EMBED_SWIFT_STANDARD_LIBRARIES = YES;
				BUNDLE_LOADER = "$(TEST_HOST)";
				CODE_SIGN_STYLE = Automatic;
				CURRENT_PROJECT_VERSION = 1;
				DEVELOPMENT_TEAM = KMJH7PLV2W;
				GENERATE_INFOPLIST_FILE = YES;
				IPHONEOS_DEPLOYMENT_TARGET = 17.5;
				MARKETING_VERSION = 1.0;
				PRODUCT_BUNDLE_IDENTIFIER = by.LoginTests;
				PRODUCT_NAME = "$(TARGET_NAME)";
				SWIFT_EMIT_LOC_STRINGS = NO;
				SWIFT_VERSION = 5.0;
				TARGETED_DEVICE_FAMILY = "1,2";
				TEST_HOST = "$(BUILT_PRODUCTS_DIR)/Login.app/$(BUNDLE_EXECUTABLE_FOLDER_PATH)/Login";
			};
			name = Debug;
		};
		5D530EA52C51719900DC804E /* Release */ = {
			isa = XCBuildConfiguration;
			buildSettings = {
				ALWAYS_EMBED_SWIFT_STANDARD_LIBRARIES = YES;
				BUNDLE_LOADER = "$(TEST_HOST)";
				CODE_SIGN_STYLE = Automatic;
				CURRENT_PROJECT_VERSION = 1;
				DEVELOPMENT_TEAM = KMJH7PLV2W;
				GENERATE_INFOPLIST_FILE = YES;
				IPHONEOS_DEPLOYMENT_TARGET = 17.5;
				MARKETING_VERSION = 1.0;
				PRODUCT_BUNDLE_IDENTIFIER = by.LoginTests;
				PRODUCT_NAME = "$(TARGET_NAME)";
				SWIFT_EMIT_LOC_STRINGS = NO;
				SWIFT_VERSION = 5.0;
				TARGETED_DEVICE_FAMILY = "1,2";
				TEST_HOST = "$(BUILT_PRODUCTS_DIR)/Login.app/$(BUNDLE_EXECUTABLE_FOLDER_PATH)/Login";
			};
			name = Release;
		};
		5D530EA72C51719900DC804E /* Debug */ = {
			isa = XCBuildConfiguration;
			buildSettings = {
				ALWAYS_EMBED_SWIFT_STANDARD_LIBRARIES = YES;
				CODE_SIGN_STYLE = Automatic;
				CURRENT_PROJECT_VERSION = 1;
				DEVELOPMENT_TEAM = KMJH7PLV2W;
				GENERATE_INFOPLIST_FILE = YES;
				MARKETING_VERSION = 1.0;
				PRODUCT_BUNDLE_IDENTIFIER = by.LoginUITests;
				PRODUCT_NAME = "$(TARGET_NAME)";
				SWIFT_EMIT_LOC_STRINGS = NO;
				SWIFT_VERSION = 5.0;
				TARGETED_DEVICE_FAMILY = "1,2";
				TEST_TARGET_NAME = Login;
			};
			name = Debug;
		};
		5D530EA82C51719900DC804E /* Release */ = {
			isa = XCBuildConfiguration;
			buildSettings = {
				ALWAYS_EMBED_SWIFT_STANDARD_LIBRARIES = YES;
				CODE_SIGN_STYLE = Automatic;
				CURRENT_PROJECT_VERSION = 1;
				DEVELOPMENT_TEAM = KMJH7PLV2W;
				GENERATE_INFOPLIST_FILE = YES;
				MARKETING_VERSION = 1.0;
				PRODUCT_BUNDLE_IDENTIFIER = by.LoginUITests;
				PRODUCT_NAME = "$(TARGET_NAME)";
				SWIFT_EMIT_LOC_STRINGS = NO;
				SWIFT_VERSION = 5.0;
				TARGETED_DEVICE_FAMILY = "1,2";
				TEST_TARGET_NAME = Login;
			};
			name = Release;
		};
/* End XCBuildConfiguration section */

/* Begin XCConfigurationList section */
		5D530E772C51719300DC804E /* Build configuration list for PBXProject "Login" */ = {
			isa = XCConfigurationList;
			buildConfigurations = (
				5D530E9E2C51719900DC804E /* Debug */,
				5D530E9F2C51719900DC804E /* Release */,
			);
			defaultConfigurationIsVisible = 0;
			defaultConfigurationName = Release;
		};
		5D530EA02C51719900DC804E /* Build configuration list for PBXNativeTarget "Login" */ = {
			isa = XCConfigurationList;
			buildConfigurations = (
				5D530EA12C51719900DC804E /* Debug */,
				5D530EA22C51719900DC804E /* Release */,
			);
			defaultConfigurationIsVisible = 0;
			defaultConfigurationName = Release;
		};
		5D530EA32C51719900DC804E /* Build configuration list for PBXNativeTarget "LoginTests" */ = {
			isa = XCConfigurationList;
			buildConfigurations = (
				5D530EA42C51719900DC804E /* Debug */,
				5D530EA52C51719900DC804E /* Release */,
			);
			defaultConfigurationIsVisible = 0;
			defaultConfigurationName = Release;
		};
		5D530EA62C51719900DC804E /* Build configuration list for PBXNativeTarget "LoginUITests" */ = {
			isa = XCConfigurationList;
			buildConfigurations = (
				5D530EA72C51719900DC804E /* Debug */,
				5D530EA82C51719900DC804E /* Release */,
			);
			defaultConfigurationIsVisible = 0;
			defaultConfigurationName = Release;
		};
/* End XCConfigurationList section */
	};
	rootObject = 5D530E742C51719300DC804E /* Project object */;
}
